# This file was autogenerated by Stack.
# You should not edit this file by hand.
# For more information, please see the documentation at:
#   https://docs.haskellstack.org/en/stable/topics/lock_files

packages: []
snapshots:
- completed:
    sha256: 303c0300d085dad9b9a5d8efc72ddde5425e33c5536c4b0c1632cc46d11cb52c
    size: 687948
    url: https://raw.githubusercontent.com/commercialhaskell/stackage-snapshots/master/nightly/2025/8/27.yaml
  original: nightly-2025-08-27
